// !$*UTF8*$!
{
	archiveVersion = 1;
	classes = {
	};
	objectVersion = 55;
	objects = {

/* Begin PBXBuildFile section */
		97A1C19C2922BF6A0013E354 /* AppDelegate.swift in Sources */ = {isa = PBXBuildFile; fileRef = 97A1C19B2922BF6A0013E354 /* AppDelegate.swift */; };
		97A1C19E2922BF6A0013E354 /* SceneDelegate.swift in Sources */ = {isa = PBXBuildFile; fileRef = 97A1C19D2922BF6A0013E354 /* SceneDelegate.swift */; };
		97A1C1A02922BF6A0013E354 /* ViewController.swift in Sources */ = {isa = PBXBuildFile; fileRef = 97A1C19F2922BF6A0013E354 /* ViewController.swift */; };
		97A1C1A32922BF6A0013E354 /* Main.storyboard in Resources */ = {isa = PBXBuildFile; fileRef = 97A1C1A12922BF6A0013E354 /* Main.storyboard */; };
		97A1C1A52922BF6B0013E354 /* Assets.xcassets in Resources */ = {isa = PBXBuildFile; fileRef = 97A1C1A42922BF6B0013E354 /* Assets.xcassets */; };
		97A1C1A82922BF6B0013E354 /* LaunchScreen.storyboard in Resources */ = {isa = PBXBuildFile; fileRef = 97A1C1A62922BF6B0013E354 /* LaunchScreen.storyboard */; };
		97A1C1B22922C6730013E354 /* Sprites in Resources */ = {isa = PBXBuildFile; fileRef = 97A1C1B12922C6730013E354 /* Sprites */; };
		97A1C1BE2922C9030013E354 /* SpriteView.swift in Sources */ = {isa = PBXBuildFile; fileRef = 97A1C1BD2922C9030013E354 /* SpriteView.swift */; };
/* End PBXBuildFile section */

/* Begin PBXFileReference section */
		97A1C1982922BF6A0013E354 /* AnimationP2.app */ = {isa = PBXFileReference; explicitFileType = wrapper.application; includeInIndex = 0; path = AnimationP2.app; sourceTree = BUILT_PRODUCTS_DIR; };
		97A1C19B2922BF6A0013E354 /* AppDelegate.swift */ = {isa = PBXFileReference; lastKnownFileType = sourcecode.swift; path = AppDelegate.swift; sourceTree = "<group>"; };
		97A1C19D2922BF6A0013E354 /* SceneDelegate.swift */ = {isa = PBXFileReference; lastKnownFileType = sourcecode.swift; path = SceneDelegate.swift; sourceTree = "<group>"; };
		97A1C19F2922BF6A0013E354 /* ViewController.swift */ = {isa = PBXFileReference; lastKnownFileType = sourcecode.swift; path = ViewController.swift; sourceTree = "<group>"; };
		97A1C1A22922BF6A0013E354 /* Base */ = {isa = PBXFileReference; lastKnownFileType = file.storyboard; name = Base; path = Base.lproj/Main.storyboard; sourceTree = "<group>"; };
		97A1C1A42922BF6B0013E354 /* Assets.xcassets */ = {isa = PBXFileReference; lastKnownFileType = folder.assetcatalog; path = Assets.xcassets; sourceTree = "<group>"; };
		97A1C1A72922BF6B0013E354 /* Base */ = {isa = PBXFileReference; lastKnownFileType = file.storyboard; name = Base; path = Base.lproj/LaunchScreen.storyboard; sourceTree = "<group>"; };
		97A1C1A92922BF6B0013E354 /* Info.plist */ = {isa = PBXFileReference; lastKnownFileType = text.plist.xml; path = Info.plist; sourceTree = "<group>"; };
		97A1C1B12922C6730013E354 /* Sprites */ = {isa = PBXFileReference; lastKnownFileType = folder; path = Sprites; sourceTree = "<group>"; };
		97A1C1B52922C7050013E354 /* parallax-mountain-mountains.png */ = {isa = PBXFileReference; lastKnownFileType = image.png; path = "parallax-mountain-mountains.png"; sourceTree = "<group>"; };
		97A1C1B62922C7050013E354 /* parallax-mountain-foreground-trees.png */ = {isa = PBXFileReference; lastKnownFileType = image.png; path = "parallax-mountain-foreground-trees.png"; sourceTree = "<group>"; };
		97A1C1B72922C7050013E354 /* parallax-mountain-trees.png */ = {isa = PBXFileReference; lastKnownFileType = image.png; path = "parallax-mountain-trees.png"; sourceTree = "<group>"; };
		97A1C1B82922C7050013E354 /* parallax-mountain-bg.png */ = {isa = PBXFileReference; lastKnownFileType = image.png; path = "parallax-mountain-bg.png"; sourceTree = "<group>"; };
		97A1C1B92922C7050013E354 /* parallax-mountain-montain-far.png */ = {isa = PBXFileReference; lastKnownFileType = image.png; path = "parallax-mountain-montain-far.png"; sourceTree = "<group>"; };
		97A1C1BA2922C7050013E354 /* parallax-mountain.psd */ = {isa = PBXFileReference; lastKnownFileType = file; path = "parallax-mountain.psd"; sourceTree = "<group>"; };
		97A1C1BB2922C7050013E354 /* license.txt */ = {isa = PBXFileReference; lastKnownFileType = text; path = license.txt; sourceTree = "<group>"; };
		97A1C1BC2922C80C0013E354 /* Notes.md */ = {isa = PBXFileReference; lastKnownFileType = net.daringfireball.markdown; path = Notes.md; sourceTree = "<group>"; };
		97A1C1BD2922C9030013E354 /* SpriteView.swift */ = {isa = PBXFileReference; lastKnownFileType = sourcecode.swift; path = SpriteView.swift; sourceTree = "<group>"; };
/* End PBXFileReference section */

/* Begin PBXFrameworksBuildPhase section */
		97A1C1952922BF6A0013E354 /* Frameworks */ = {
			isa = PBXFrameworksBuildPhase;
			buildActionMask = 2147483647;
			files = (
			);
			runOnlyForDeploymentPostprocessing = 0;
		};
/* End PBXFrameworksBuildPhase section */

/* Begin PBXGroup section */
		97A1C18F2922BF6A0013E354 = {
			isa = PBXGroup;
			children = (
				97A1C19A2922BF6A0013E354 /* AnimationP2 */,
				97A1C1992922BF6A0013E354 /* Products */,
			);
			sourceTree = "<group>";
		};
		97A1C1992922BF6A0013E354 /* Products */ = {
			isa = PBXGroup;
			children = (
				97A1C1982922BF6A0013E354 /* AnimationP2.app */,
			);
			name = Products;
			sourceTree = "<group>";
		};
		97A1C19A2922BF6A0013E354 /* AnimationP2 */ = {
			isa = PBXGroup;
			children = (
				97A1C1AF2922C0A90013E354 /* Controller */,
				97A1C1B02922C0B30013E354 /* View */,
				97A1C1A42922BF6B0013E354 /* Assets.xcassets */,
				97A1C1A92922BF6B0013E354 /* Info.plist */,
				97A1C1B32922C7050013E354 /* parallax_mountain_pack */,
				97A1C1B12922C6730013E354 /* Sprites */,
				97A1C1BC2922C80C0013E354 /* Notes.md */,
			);
			path = AnimationP2;
			sourceTree = "<group>";
		};
		97A1C1AF2922C0A90013E354 /* Controller */ = {
			isa = PBXGroup;
			children = (
				97A1C19B2922BF6A0013E354 /* AppDelegate.swift */,
				97A1C19D2922BF6A0013E354 /* SceneDelegate.swift */,
				97A1C19F2922BF6A0013E354 /* ViewController.swift */,
				97A1C1BD2922C9030013E354 /* SpriteView.swift */,
			);
			path = Controller;
			sourceTree = "<group>";
		};
		97A1C1B02922C0B30013E354 /* View */ = {
			isa = PBXGroup;
			children = (
				97A1C1A12922BF6A0013E354 /* Main.storyboard */,
				97A1C1A62922BF6B0013E354 /* LaunchScreen.storyboard */,
			);
			path = View;
			sourceTree = "<group>";
		};
		97A1C1B32922C7050013E354 /* parallax_mountain_pack */ = {
			isa = PBXGroup;
			children = (
				97A1C1B42922C7050013E354 /* layers */,
				97A1C1BA2922C7050013E354 /* parallax-mountain.psd */,
				97A1C1BB2922C7050013E354 /* license.txt */,
			);
			path = parallax_mountain_pack;
			sourceTree = "<group>";
		};
		97A1C1B42922C7050013E354 /* layers */ = {
			isa = PBXGroup;
			children = (
				97A1C1B52922C7050013E354 /* parallax-mountain-mountains.png */,
				97A1C1B62922C7050013E354 /* parallax-mountain-foreground-trees.png */,
				97A1C1B72922C7050013E354 /* parallax-mountain-trees.png */,
				97A1C1B82922C7050013E354 /* parallax-mountain-bg.png */,
				97A1C1B92922C7050013E354 /* parallax-mountain-montain-far.png */,
			);
			path = layers;
			sourceTree = "<group>";
		};
/* End PBXGroup section */

/* Begin PBXNativeTarget section */
		97A1C1972922BF6A0013E354 /* AnimationP2 */ = {
			isa = PBXNativeTarget;
			buildConfigurationList = 97A1C1AC2922BF6B0013E354 /* Build configuration list for PBXNativeTarget "AnimationP2" */;
			buildPhases = (
				97A1C1942922BF6A0013E354 /* Sources */,
				97A1C1952922BF6A0013E354 /* Frameworks */,
				97A1C1962922BF6A0013E354 /* Resources */,
			);
			buildRules = (
			);
			dependencies = (
			);
			name = AnimationP2;
			productName = AnimationP2;
			productReference = 97A1C1982922BF6A0013E354 /* AnimationP2.app */;
			productType = "com.apple.product-type.application";
		};
/* End PBXNativeTarget section */

/* Begin PBXProject section */
		97A1C1902922BF6A0013E354 /* Project object */ = {
			isa = PBXProject;
			attributes = {
				BuildIndependentTargetsInParallel = 1;
				LastSwiftUpdateCheck = 1340;
				LastUpgradeCheck = 1340;
				TargetAttributes = {
					97A1C1972922BF6A0013E354 = {
						CreatedOnToolsVersion = 13.4.1;
					};
				};
			};
			buildConfigurationList = 97A1C1932922BF6A0013E354 /* Build configuration list for PBXProject "AnimationP2" */;
			compatibilityVersion = "Xcode 13.0";
			developmentRegion = en;
			hasScannedForEncodings = 0;
			knownRegions = (
				en,
				Base,
			);
			mainGroup = 97A1C18F2922BF6A0013E354;
			productRefGroup = 97A1C1992922BF6A0013E354 /* Products */;
			projectDirPath = "";
			projectRoot = "";
			targets = (
				97A1C1972922BF6A0013E354 /* AnimationP2 */,
			);
		};
/* End PBXProject section */

/* Begin PBXResourcesBuildPhase section */
		97A1C1962922BF6A0013E354 /* Resources */ = {
			isa = PBXResourcesBuildPhase;
			buildActionMask = 2147483647;
			files = (
				97A1C1A82922BF6B0013E354 /* LaunchScreen.storyboard in Resources */,
				97A1C1B22922C6730013E354 /* Sprites in Resources */,
				97A1C1A52922BF6B0013E354 /* Assets.xcassets in Resources */,
				97A1C1A32922BF6A0013E354 /* Main.storyboard in Resources */,
			);
			runOnlyForDeploymentPostprocessing = 0;
		};
/* End PBXResourcesBuildPhase section */

/* Begin PBXSourcesBuildPhase section */
		97A1C1942922BF6A0013E354 /* Sources */ = {
			isa = PBXSourcesBuildPhase;
			buildActionMask = 2147483647;
			files = (
				97A1C1A02922BF6A0013E354 /* ViewController.swift in Sources */,
				97A1C1BE2922C9030013E354 /* SpriteView.swift in Sources */,
				97A1C19C2922BF6A0013E354 /* AppDelegate.swift in Sources */,
				97A1C19E2922BF6A0013E354 /* SceneDelegate.swift in Sources */,
			);
			runOnlyForDeploymentPostprocessing = 0;
		};
/* End PBXSourcesBuildPhase section */

/* Begin PBXVariantGroup section */
		97A1C1A12922BF6A0013E354 /* Main.storyboard */ = {
			isa = PBXVariantGroup;
			children = (
				97A1C1A22922BF6A0013E354 /* Base */,
			);
			name = Main.storyboard;
			sourceTree = "<group>";
		};
		97A1C1A62922BF6B0013E354 /* LaunchScreen.storyboard */ = {
			isa = PBXVariantGroup;
			children = (
				97A1C1A72922BF6B0013E354 /* Base */,
			);
			name = LaunchScreen.storyboard;
			sourceTree = "<group>";
		};
/* End PBXVariantGroup section */

/* Begin XCBuildConfiguration section */
		97A1C1AA2922BF6B0013E354 /* Debug */ = {
			isa = XCBuildConfiguration;
			buildSettings = {
				ALWAYS_SEARCH_USER_PATHS = NO;
				CLANG_ANALYZER_NONNULL = YES;
				CLANG_ANALYZER_NUMBER_OBJECT_CONVERSION = YES_AGGRESSIVE;
				CLANG_CXX_LANGUAGE_STANDARD = "gnu++17";
				CLANG_ENABLE_MODULES = YES;
				CLANG_ENABLE_OBJC_ARC = YES;
				CLANG_ENABLE_OBJC_WEAK = YES;
				CLANG_WARN_BLOCK_CAPTURE_AUTORELEASING = YES;
				CLANG_WARN_BOOL_CONVERSION = YES;
				CLANG_WARN_COMMA = YES;
				CLANG_WARN_CONSTANT_CONVERSION = YES;
				CLANG_WARN_DEPRECATED_OBJC_IMPLEMENTATIONS = YES;
				CLANG_WARN_DIRECT_OBJC_ISA_USAGE = YES_ERROR;
				CLANG_WARN_DOCUMENTATION_COMMENTS = YES;
				CLANG_WARN_EMPTY_BODY = YES;
				CLANG_WARN_ENUM_CONVERSION = YES;
				CLANG_WARN_INFINITE_RECURSION = YES;
				CLANG_WARN_INT_CONVERSION = YES;
				CLANG_WARN_NON_LITERAL_NULL_CONVERSION = YES;
				CLANG_WARN_OBJC_IMPLICIT_RETAIN_SELF = YES;
				CLANG_WARN_OBJC_LITERAL_CONVERSION = YES;
				CLANG_WARN_OBJC_ROOT_CLASS = YES_ERROR;
				CLANG_WARN_QUOTED_INCLUDE_IN_FRAMEWORK_HEADER = YES;
				CLANG_WARN_RANGE_LOOP_ANALYSIS = YES;
				CLANG_WARN_STRICT_PROTOTYPES = YES;
				CLANG_WARN_SUSPICIOUS_MOVE = YES;
				CLANG_WARN_UNGUARDED_AVAILABILITY = YES_AGGRESSIVE;
				CLANG_WARN_UNREACHABLE_CODE = YES;
				CLANG_WARN__DUPLICATE_METHOD_MATCH = YES;
				COPY_PHASE_STRIP = NO;
				DEBUG_INFORMATION_FORMAT = dwarf;
				ENABLE_STRICT_OBJC_MSGSEND = YES;
				ENABLE_TESTABILITY = YES;
				GCC_C_LANGUAGE_STANDARD = gnu11;
				GCC_DYNAMIC_NO_PIC = NO;
				GCC_NO_COMMON_BLOCKS = YES;
				GCC_OPTIMIZATION_LEVEL = 0;
				GCC_PREPROCESSOR_DEFINITIONS = (
					"DEBUG=1",
					"$(inherited)",
				);
				GCC_WARN_64_TO_32_BIT_CONVERSION = YES;
				GCC_WARN_ABOUT_RETURN_TYPE = YES_ERROR;
				GCC_WARN_UNDECLARED_SELECTOR = YES;
				GCC_WARN_UNINITIALIZED_AUTOS = YES_AGGRESSIVE;
				GCC_WARN_UNUSED_FUNCTION = YES;
				GCC_WARN_UNUSED_VARIABLE = YES;
				IPHONEOS_DEPLOYMENT_TARGET = 15.5;
				MTL_ENABLE_DEBUG_INFO = INCLUDE_SOURCE;
				MTL_FAST_MATH = YES;
				ONLY_ACTIVE_ARCH = YES;
				SDKROOT = iphoneos;
				SWIFT_ACTIVE_COMPILATION_CONDITIONS = DEBUG;
				SWIFT_OPTIMIZATION_LEVEL = "-Onone";
			};
			name = Debug;
		};
		97A1C1AB2922BF6B0013E354 /* Release */ = {
			isa = XCBuildConfiguration;
			buildSettings = {
				ALWAYS_SEARCH_USER_PATHS = NO;
				CLANG_ANALYZER_NONNULL = YES;
				CLANG_ANALYZER_NUMBER_OBJECT_CONVERSION = YES_AGGRESSIVE;
				CLANG_CXX_LANGUAGE_STANDARD = "gnu++17";
				CLANG_ENABLE_MODULES = YES;
				CLANG_ENABLE_OBJC_ARC = YES;
				CLANG_ENABLE_OBJC_WEAK = YES;
				CLANG_WARN_BLOCK_CAPTURE_AUTORELEASING = YES;
				CLANG_WARN_BOOL_CONVERSION = YES;
				CLANG_WARN_COMMA = YES;
				CLANG_WARN_CONSTANT_CONVERSION = YES;
				CLANG_WARN_DEPRECATED_OBJC_IMPLEMENTATIONS = YES;
				CLANG_WARN_DIRECT_OBJC_ISA_USAGE = YES_ERROR;
				CLANG_WARN_DOCUMENTATION_COMMENTS = YES;
				CLANG_WARN_EMPTY_BODY = YES;
				CLANG_WARN_ENUM_CONVERSION = YES;
				CLANG_WARN_INFINITE_RECURSION = YES;
				CLANG_WARN_INT_CONVERSION = YES;
				CLANG_WARN_NON_LITERAL_NULL_CONVERSION = YES;
				CLANG_WARN_OBJC_IMPLICIT_RETAIN_SELF = YES;
				CLANG_WARN_OBJC_LITERAL_CONVERSION = YES;
				CLANG_WARN_OBJC_ROOT_CLASS = YES_ERROR;
				CLANG_WARN_QUOTED_INCLUDE_IN_FRAMEWORK_HEADER = YES;
				CLANG_WARN_RANGE_LOOP_ANALYSIS = YES;
				CLANG_WARN_STRICT_PROTOTYPES = YES;
				CLANG_WARN_SUSPICIOUS_MOVE = YES;
				CLANG_WARN_UNGUARDED_AVAILABILITY = YES_AGGRESSIVE;
				CLANG_WARN_UNREACHABLE_CODE = YES;
				CLANG_WARN__DUPLICATE_METHOD_MATCH = YES;
				COPY_PHASE_STRIP = NO;
				DEBUG_INFORMATION_FORMAT = "dwarf-with-dsym";
				ENABLE_NS_ASSERTIONS = NO;
				ENABLE_STRICT_OBJC_MSGSEND = YES;
				GCC_C_LANGUAGE_STANDARD = gnu11;
				GCC_NO_COMMON_BLOCKS = YES;
				GCC_WARN_64_TO_32_BIT_CONVERSION = YES;
				GCC_WARN_ABOUT_RETURN_TYPE = YES_ERROR;
				GCC_WARN_UNDECLARED_SELECTOR = YES;
				GCC_WARN_UNINITIALIZED_AUTOS = YES_AGGRESSIVE;
				GCC_WARN_UNUSED_FUNCTION = YES;
				GCC_WARN_UNUSED_VARIABLE = YES;
				IPHONEOS_DEPLOYMENT_TARGET = 15.5;
				MTL_ENABLE_DEBUG_INFO = NO;
				MTL_FAST_MATH = YES;
				SDKROOT = iphoneos;
				SWIFT_COMPILATION_MODE = wholemodule;
				SWIFT_OPTIMIZATION_LEVEL = "-O";
				VALIDATE_PRODUCT = YES;
			};
			name = Release;
		};
		97A1C1AD2922BF6B0013E354 /* Debug */ = {
			isa = XCBuildConfiguration;
			buildSettings = {
				ASSETCATALOG_COMPILER_APPICON_NAME = AppIcon;
				ASSETCATALOG_COMPILER_GLOBAL_ACCENT_COLOR_NAME = AccentColor;
				CODE_SIGN_STYLE = Automatic;
				CURRENT_PROJECT_VERSION = 1;
				GENERATE_INFOPLIST_FILE = YES;
				INFOPLIST_FILE = AnimationP2/Info.plist;
				INFOPLIST_KEY_UIApplicationSupportsIndirectInputEvents = YES;
				INFOPLIST_KEY_UILaunchStoryboardName = LaunchScreen;
				INFOPLIST_KEY_UIMainStoryboardFile = Main;
				INFOPLIST_KEY_UISupportedInterfaceOrientations_iPad = "UIInterfaceOrientationPortrait UIInterfaceOrientationPortraitUpsideDown UIInterfaceOrientationLandscapeLeft UIInterfaceOrientationLandscapeRight";
				INFOPLIST_KEY_UISupportedInterfaceOrientations_iPhone = "UIInterfaceOrientationPortrait UIInterfaceOrientationLandscapeLeft UIInterfaceOrientationLandscapeRight";
				LD_RUNPATH_SEARCH_PATHS = (
					"$(inherited)",
					"@executable_path/Frameworks",
				);
				MARKETING_VERSION = 1.0;
				PRODUCT_BUNDLE_IDENTIFIER = wsu.AnimationP2;
				PRODUCT_NAME = "$(TARGET_NAME)";
				SWIFT_EMIT_LOC_STRINGS = YES;
				SWIFT_VERSION = 5.0;
				TARGETED_DEVICE_FAMILY = "1,2";
			};
			name = Debug;
		};
		97A1C1AE2922BF6B0013E354 /* Release */ = {
			isa = XCBuildConfiguration;
			buildSettings = {
				ASSETCATALOG_COMPILER_APPICON_NAME = AppIcon;
				ASSETCATALOG_COMPILER_GLOBAL_ACCENT_COLOR_NAME = AccentColor;
				CODE_SIGN_STYLE = Automatic;
				CURRENT_PROJECT_VERSION = 1;
				GENERATE_INFOPLIST_FILE = YES;
				INFOPLIST_FILE = AnimationP2/Info.plist;
				INFOPLIST_KEY_UIApplicationSupportsIndirectInputEvents = YES;
				INFOPLIST_KEY_UILaunchStoryboardName = LaunchScreen;
				INFOPLIST_KEY_UIMainStoryboardFile = Main;
				INFOPLIST_KEY_UISupportedInterfaceOrientations_iPad = "UIInterfaceOrientationPortrait UIInterfaceOrientationPortraitUpsideDown UIInterfaceOrientationLandscapeLeft UIInterfaceOrientationLandscapeRight";
				INFOPLIST_KEY_UISupportedInterfaceOrientations_iPhone = "UIInterfaceOrientationPortrait UIInterfaceOrientationLandscapeLeft UIInterfaceOrientationLandscapeRight";
				LD_RUNPATH_SEARCH_PATHS = (
					"$(inherited)",
					"@executable_path/Frameworks",
				);
				MARKETING_VERSION = 1.0;
				PRODUCT_BUNDLE_IDENTIFIER = wsu.AnimationP2;
				PRODUCT_NAME = "$(TARGET_NAME)";
				SWIFT_EMIT_LOC_STRINGS = YES;
				SWIFT_VERSION = 5.0;
				TARGETED_DEVICE_FAMILY = "1,2";
			};
			name = Release;
		};
/* End XCBuildConfiguration section */

/* Begin XCConfigurationList section */
		97A1C1932922BF6A0013E354 /* Build configuration list for PBXProject "AnimationP2" */ = {
			isa = XCConfigurationList;
			buildConfigurations = (
				97A1C1AA2922BF6B0013E354 /* Debug */,
				97A1C1AB2922BF6B0013E354 /* Release */,
			);
			defaultConfigurationIsVisible = 0;
			defaultConfigurationName = Release;
		};
		97A1C1AC2922BF6B0013E354 /* Build configuration list for PBXNativeTarget "AnimationP2" */ = {
			isa = XCConfigurationList;
			buildConfigurations = (
				97A1C1AD2922BF6B0013E354 /* Debug */,
				97A1C1AE2922BF6B0013E354 /* Release */,
			);
			defaultConfigurationIsVisible = 0;
			defaultConfigurationName = Release;
		};
/* End XCConfigurationList section */
	};
	rootObject = 97A1C1902922BF6A0013E354 /* Project object */;
}
